
Microsoft Visual Studio Solution File, Format Version 12.00
# Visual Studio Version 16
VisualStudioVersion = 16.0.30114.105
MinimumVisualStudioVersion = 10.0.40219.1
Project("{FAE04EC0-301F-11D3-BF4B-00C04F79EFBC}") = "DrasticOverlay.Base", "DrasticOverlay.Base\DrasticOverlay.Base.csproj", "{004669F9-C7C3-4057-8FD7-5D26E1C38560}"
EndProject
Project("{FAE04EC0-301F-11D3-BF4B-00C04F79EFBC}") = "DrasticOverlay.DragAndDrop", "DrasticOverlay.DragAndDrop\DrasticOverlay.DragAndDrop.csproj", "{D931A477-8EF4-426F-85D2-E9A0F6288BF0}"
EndProject
Project("{FAE04EC0-301F-11D3-BF4B-00C04F79EFBC}") = "DrasticOverlay.Sample", "DrasticOverlay.Sample\DrasticOverlay.Sample.csproj", "{9F912D0A-349D-4384-962C-649C92AAD36A}"
EndProject
Global
	GlobalSection(SolutionConfigurationPlatforms) = preSolution
		Debug|Any CPU = Debug|Any CPU
		Release|Any CPU = Release|Any CPU
	EndGlobalSection
	GlobalSection(SolutionProperties) = preSolution
		HideSolutionNode = FALSE
	EndGlobalSection
	GlobalSection(ProjectConfigurationPlatforms) = postSolution
		{004669F9-C7C3-4057-8FD7-5D26E1C38560}.Debug|Any CPU.ActiveCfg = Debug|Any CPU
		{004669F9-C7C3-4057-8FD7-5D26E1C38560}.Debug|Any CPU.Build.0 = Debug|Any CPU
		{004669F9-C7C3-4057-8FD7-5D26E1C38560}.Release|Any CPU.ActiveCfg = Release|Any CPU
		{004669F9-C7C3-4057-8FD7-5D26E1C38560}.Release|Any CPU.Build.0 = Release|Any CPU
		{D931A477-8EF4-426F-85D2-E9A0F6288BF0}.Debug|Any CPU.ActiveCfg = Debug|Any CPU
		{D931A477-8EF4-426F-85D2-E9A0F6288BF0}.Debug|Any CPU.Build.0 = Debug|Any CPU
		{D931A477-8EF4-426F-85D2-E9A0F6288BF0}.Release|Any CPU.ActiveCfg = Release|Any CPU
		{D931A477-8EF4-426F-85D2-E9A0F6288BF0}.Release|Any CPU.Build.0 = Release|Any CPU
		{9F912D0A-349D-4384-962C-649C92AAD36A}.Debug|Any CPU.ActiveCfg = Debug|Any CPU
		{9F912D0A-349D-4384-962C-649C92AAD36A}.Debug|Any CPU.Build.0 = Debug|Any CPU
		{9F912D0A-349D-4384-962C-649C92AAD36A}.Release|Any CPU.ActiveCfg = Release|Any CPU
		{9F912D0A-349D-4384-962C-649C92AAD36A}.Release|Any CPU.Build.0 = Release|Any CPU
	EndGlobalSection
EndGlobal
