
Microsoft Visual Studio Solution File, Format Version 12.00
# Visual Studio Version 17
VisualStudioVersion = 17.1.31911.260
MinimumVisualStudioVersion = 10.0.40219.1
Project("{9A19103F-16F7-4668-BE54-9A1E7A4F7556}") = "DrasticOverlay", "DrasticOverlay\DrasticOverlay.csproj", "{899029B6-0AD8-4E0D-8428-B88DF7757E98}"
EndProject
Project("{9A19103F-16F7-4668-BE54-9A1E7A4F7556}") = "DrasticOverlay.Sample", "DrasticOverlay.Sample\DrasticOverlay.Sample.csproj", "{8EF1624C-2F96-48D3-A683-D0692707581D}"
EndProject
Global
	GlobalSection(SolutionConfigurationPlatforms) = preSolution
		Debug|Any CPU = Debug|Any CPU
		Release|Any CPU = Release|Any CPU
	EndGlobalSection
	GlobalSection(ProjectConfigurationPlatforms) = postSolution
		{899029B6-0AD8-4E0D-8428-B88DF7757E98}.Debug|Any CPU.ActiveCfg = Debug|Any CPU
		{899029B6-0AD8-4E0D-8428-B88DF7757E98}.Debug|Any CPU.Build.0 = Debug|Any CPU
		{899029B6-0AD8-4E0D-8428-B88DF7757E98}.Release|Any CPU.ActiveCfg = Release|Any CPU
		{899029B6-0AD8-4E0D-8428-B88DF7757E98}.Release|Any CPU.Build.0 = Release|Any CPU
		{8EF1624C-2F96-48D3-A683-D0692707581D}.Debug|Any CPU.ActiveCfg = Debug|Any CPU
		{8EF1624C-2F96-48D3-A683-D0692707581D}.Debug|Any CPU.Build.0 = Debug|Any CPU
		{8EF1624C-2F96-48D3-A683-D0692707581D}.Debug|Any CPU.Deploy.0 = Debug|Any CPU
		{8EF1624C-2F96-48D3-A683-D0692707581D}.Release|Any CPU.ActiveCfg = Release|Any CPU
		{8EF1624C-2F96-48D3-A683-D0692707581D}.Release|Any CPU.Build.0 = Release|Any CPU
		{8EF1624C-2F96-48D3-A683-D0692707581D}.Release|Any CPU.Deploy.0 = Release|Any CPU
	EndGlobalSection
	GlobalSection(SolutionProperties) = preSolution
		HideSolutionNode = FALSE
	EndGlobalSection
	GlobalSection(ExtensibilityGlobals) = postSolution
		SolutionGuid = {896B7032-439A-4CE2-8438-E28A3225CE9D}
	EndGlobalSection
EndGlobal
